// !$*UTF8*$!
{
	archiveVersion = 1;
	classes = {
	};
	objectVersion = 54;
	objects = {

/* Begin PBXBuildFile section */
		3C0C76F525E3EB31008623F5 /* Main.storyboard in Resources */ = {isa = PBXBuildFile; fileRef = 3C0C76F425E3EB31008623F5 /* Main.storyboard */; };
		3C0F009725E188CB00DA79B5 /* Notification.js in Resources */ = {isa = PBXBuildFile; fileRef = 3C0F009625E188CB00DA79B5 /* Notification.js */; };
		3C40303325FD48FF0031C46B /* MessageHandler.swift in Sources */ = {isa = PBXBuildFile; fileRef = 3C40303225FD48FF0031C46B /* MessageHandler.swift */; };
		3CDD618F25E07EE00071B391 /* AppDelegate.swift in Sources */ = {isa = PBXBuildFile; fileRef = 3CDD618E25E07EE00071B391 /* AppDelegate.swift */; };
		3CDD619125E07EE00071B391 /* ContentView.swift in Sources */ = {isa = PBXBuildFile; fileRef = 3CDD619025E07EE00071B391 /* ContentView.swift */; };
		3CDD619325E07EE00071B391 /* Assets.xcassets in Resources */ = {isa = PBXBuildFile; fileRef = 3CDD619225E07EE00071B391 /* Assets.xcassets */; };
		3CDD619625E07EE00071B391 /* Preview Assets.xcassets in Resources */ = {isa = PBXBuildFile; fileRef = 3CDD619525E07EE00071B391 /* Preview Assets.xcassets */; };
		3CDD61A225E07EE10071B391 /* ChatTests.swift in Sources */ = {isa = PBXBuildFile; fileRef = 3CDD61A125E07EE10071B391 /* ChatTests.swift */; };
		3CDD61AD25E07EE10071B391 /* ChatUITests.swift in Sources */ = {isa = PBXBuildFile; fileRef = 3CDD61AC25E07EE10071B391 /* ChatUITests.swift */; };
/* End PBXBuildFile section */

/* Begin PBXContainerItemProxy section */
		3CDD619E25E07EE10071B391 /* PBXContainerItemProxy */ = {
			isa = PBXContainerItemProxy;
			containerPortal = 3CDD618325E07EE00071B391 /* Project object */;
			proxyType = 1;
			remoteGlobalIDString = 3CDD618A25E07EE00071B391;
			remoteInfo = Chat;
		};
		3CDD61A925E07EE10071B391 /* PBXContainerItemProxy */ = {
			isa = PBXContainerItemProxy;
			containerPortal = 3CDD618325E07EE00071B391 /* Project object */;
			proxyType = 1;
			remoteGlobalIDString = 3CDD618A25E07EE00071B391;
			remoteInfo = Chat;
		};
/* End PBXContainerItemProxy section */

/* Begin PBXFileReference section */
		3C0C76F425E3EB31008623F5 /* Main.storyboard */ = {isa = PBXFileReference; fileEncoding = 4; lastKnownFileType = file.storyboard; path = Main.storyboard; sourceTree = "<group>"; };
		3C0F009625E188CB00DA79B5 /* Notification.js */ = {isa = PBXFileReference; fileEncoding = 4; lastKnownFileType = sourcecode.javascript; name = Notification.js; path = Chat/Notification.js; sourceTree = SOURCE_ROOT; };
		3C40303225FD48FF0031C46B /* MessageHandler.swift */ = {isa = PBXFileReference; lastKnownFileType = sourcecode.swift; path = MessageHandler.swift; sourceTree = "<group>"; };
		3CA3C2AD25E43B3400DC3A43 /* ChatRelease.entitlements */ = {isa = PBXFileReference; lastKnownFileType = text.plist.entitlements; path = ChatRelease.entitlements; sourceTree = "<group>"; };
		3CDD618B25E07EE00071B391 /* Chat.app */ = {isa = PBXFileReference; explicitFileType = wrapper.application; includeInIndex = 0; path = Chat.app; sourceTree = BUILT_PRODUCTS_DIR; };
		3CDD618E25E07EE00071B391 /* AppDelegate.swift */ = {isa = PBXFileReference; lastKnownFileType = sourcecode.swift; path = AppDelegate.swift; sourceTree = "<group>"; };
		3CDD619025E07EE00071B391 /* ContentView.swift */ = {isa = PBXFileReference; lastKnownFileType = sourcecode.swift; path = ContentView.swift; sourceTree = "<group>"; xcLanguageSpecificationIdentifier = xcode.lang.swift; };
		3CDD619225E07EE00071B391 /* Assets.xcassets */ = {isa = PBXFileReference; lastKnownFileType = folder.assetcatalog; path = Assets.xcassets; sourceTree = "<group>"; };
		3CDD619525E07EE00071B391 /* Preview Assets.xcassets */ = {isa = PBXFileReference; lastKnownFileType = folder.assetcatalog; path = "Preview Assets.xcassets"; sourceTree = "<group>"; };
		3CDD619725E07EE00071B391 /* Info.plist */ = {isa = PBXFileReference; lastKnownFileType = text.plist.xml; path = Info.plist; sourceTree = "<group>"; };
		3CDD619825E07EE00071B391 /* Chat.entitlements */ = {isa = PBXFileReference; lastKnownFileType = text.plist.entitlements; path = Chat.entitlements; sourceTree = "<group>"; };
		3CDD619D25E07EE10071B391 /* ChatTests.xctest */ = {isa = PBXFileReference; explicitFileType = wrapper.cfbundle; includeInIndex = 0; path = ChatTests.xctest; sourceTree = BUILT_PRODUCTS_DIR; };
		3CDD61A125E07EE10071B391 /* ChatTests.swift */ = {isa = PBXFileReference; lastKnownFileType = sourcecode.swift; path = ChatTests.swift; sourceTree = "<group>"; };
		3CDD61A325E07EE10071B391 /* Info.plist */ = {isa = PBXFileReference; lastKnownFileType = text.plist.xml; path = Info.plist; sourceTree = "<group>"; };
		3CDD61A825E07EE10071B391 /* ChatUITests.xctest */ = {isa = PBXFileReference; explicitFileType = wrapper.cfbundle; includeInIndex = 0; path = ChatUITests.xctest; sourceTree = BUILT_PRODUCTS_DIR; };
		3CDD61AC25E07EE10071B391 /* ChatUITests.swift */ = {isa = PBXFileReference; lastKnownFileType = sourcecode.swift; path = ChatUITests.swift; sourceTree = "<group>"; };
		3CDD61AE25E07EE10071B391 /* Info.plist */ = {isa = PBXFileReference; lastKnownFileType = text.plist.xml; path = Info.plist; sourceTree = "<group>"; };
/* End PBXFileReference section */

/* Begin PBXFrameworksBuildPhase section */
		3CDD618825E07EE00071B391 /* Frameworks */ = {
			isa = PBXFrameworksBuildPhase;
			buildActionMask = 2147483647;
			files = (
			);
			runOnlyForDeploymentPostprocessing = 0;
		};
		3CDD619A25E07EE10071B391 /* Frameworks */ = {
			isa = PBXFrameworksBuildPhase;
			buildActionMask = 2147483647;
			files = (
			);
			runOnlyForDeploymentPostprocessing = 0;
		};
		3CDD61A525E07EE10071B391 /* Frameworks */ = {
			isa = PBXFrameworksBuildPhase;
			buildActionMask = 2147483647;
			files = (
			);
			runOnlyForDeploymentPostprocessing = 0;
		};
/* End PBXFrameworksBuildPhase section */

/* Begin PBXGroup section */
		3CDD618225E07EE00071B391 = {
			isa = PBXGroup;
			children = (
				3CDD618D25E07EE00071B391 /* Chat */,
				3CDD61A025E07EE10071B391 /* ChatTests */,
				3CDD61AB25E07EE10071B391 /* ChatUITests */,
				3CDD618C25E07EE00071B391 /* Products */,
			);
			sourceTree = "<group>";
		};
		3CDD618C25E07EE00071B391 /* Products */ = {
			isa = PBXGroup;
			children = (
				3CDD618B25E07EE00071B391 /* Chat.app */,
				3CDD619D25E07EE10071B391 /* ChatTests.xctest */,
				3CDD61A825E07EE10071B391 /* ChatUITests.xctest */,
			);
			name = Products;
			sourceTree = "<group>";
		};
		3CDD618D25E07EE00071B391 /* Chat */ = {
			isa = PBXGroup;
			children = (
				3CDD618E25E07EE00071B391 /* AppDelegate.swift */,
				3CDD619225E07EE00071B391 /* Assets.xcassets */,
				3CDD619825E07EE00071B391 /* Chat.entitlements */,
				3CA3C2AD25E43B3400DC3A43 /* ChatRelease.entitlements */,
				3CDD619025E07EE00071B391 /* ContentView.swift */,
				3CDD619725E07EE00071B391 /* Info.plist */,
				3C0C76F425E3EB31008623F5 /* Main.storyboard */,
				3C40303225FD48FF0031C46B /* MessageHandler.swift */,
				3C0F009625E188CB00DA79B5 /* Notification.js */,
				3CDD619425E07EE00071B391 /* Preview Content */,
			);
			path = Chat;
			sourceTree = "<group>";
		};
		3CDD619425E07EE00071B391 /* Preview Content */ = {
			isa = PBXGroup;
			children = (
				3CDD619525E07EE00071B391 /* Preview Assets.xcassets */,
			);
			path = "Preview Content";
			sourceTree = "<group>";
		};
		3CDD61A025E07EE10071B391 /* ChatTests */ = {
			isa = PBXGroup;
			children = (
				3CDD61A125E07EE10071B391 /* ChatTests.swift */,
				3CDD61A325E07EE10071B391 /* Info.plist */,
			);
			path = ChatTests;
			sourceTree = "<group>";
		};
		3CDD61AB25E07EE10071B391 /* ChatUITests */ = {
			isa = PBXGroup;
			children = (
				3CDD61AC25E07EE10071B391 /* ChatUITests.swift */,
				3CDD61AE25E07EE10071B391 /* Info.plist */,
			);
			path = ChatUITests;
			sourceTree = "<group>";
		};
/* End PBXGroup section */

/* Begin PBXNativeTarget section */
		3CDD618A25E07EE00071B391 /* Chat */ = {
			isa = PBXNativeTarget;
			buildConfigurationList = 3CDD61B125E07EE10071B391 /* Build configuration list for PBXNativeTarget "Chat" */;
			buildPhases = (
				3CDD618725E07EE00071B391 /* Sources */,
				3CDD618825E07EE00071B391 /* Frameworks */,
				3CDD618925E07EE00071B391 /* Resources */,
			);
			buildRules = (
			);
			dependencies = (
			);
			name = Chat;
			productName = Chat;
			productReference = 3CDD618B25E07EE00071B391 /* Chat.app */;
			productType = "com.apple.product-type.application";
		};
		3CDD619C25E07EE10071B391 /* ChatTests */ = {
			isa = PBXNativeTarget;
			buildConfigurationList = 3CDD61B425E07EE10071B391 /* Build configuration list for PBXNativeTarget "ChatTests" */;
			buildPhases = (
				3CDD619925E07EE10071B391 /* Sources */,
				3CDD619A25E07EE10071B391 /* Frameworks */,
				3CDD619B25E07EE10071B391 /* Resources */,
			);
			buildRules = (
			);
			dependencies = (
				3CDD619F25E07EE10071B391 /* PBXTargetDependency */,
			);
			name = ChatTests;
			productName = ChatTests;
			productReference = 3CDD619D25E07EE10071B391 /* ChatTests.xctest */;
			productType = "com.apple.product-type.bundle.unit-test";
		};
		3CDD61A725E07EE10071B391 /* ChatUITests */ = {
			isa = PBXNativeTarget;
			buildConfigurationList = 3CDD61B725E07EE10071B391 /* Build configuration list for PBXNativeTarget "ChatUITests" */;
			buildPhases = (
				3CDD61A425E07EE10071B391 /* Sources */,
				3CDD61A525E07EE10071B391 /* Frameworks */,
				3CDD61A625E07EE10071B391 /* Resources */,
			);
			buildRules = (
			);
			dependencies = (
				3CDD61AA25E07EE10071B391 /* PBXTargetDependency */,
			);
			name = ChatUITests;
			productName = ChatUITests;
			productReference = 3CDD61A825E07EE10071B391 /* ChatUITests.xctest */;
			productType = "com.apple.product-type.bundle.ui-testing";
		};
/* End PBXNativeTarget section */

/* Begin PBXProject section */
		3CDD618325E07EE00071B391 /* Project object */ = {
			isa = PBXProject;
			attributes = {
				LastSwiftUpdateCheck = 1240;
				LastUpgradeCheck = 1240;
				TargetAttributes = {
					3CDD618A25E07EE00071B391 = {
						CreatedOnToolsVersion = 12.4;
					};
					3CDD619C25E07EE10071B391 = {
						CreatedOnToolsVersion = 12.4;
						TestTargetID = 3CDD618A25E07EE00071B391;
					};
					3CDD61A725E07EE10071B391 = {
						CreatedOnToolsVersion = 12.4;
						TestTargetID = 3CDD618A25E07EE00071B391;
					};
				};
			};
			buildConfigurationList = 3CDD618625E07EE00071B391 /* Build configuration list for PBXProject "Chat" */;
			compatibilityVersion = "Xcode 12.0";
			developmentRegion = en;
			hasScannedForEncodings = 0;
			knownRegions = (
				en,
				Base,
			);
			mainGroup = 3CDD618225E07EE00071B391;
			productRefGroup = 3CDD618C25E07EE00071B391 /* Products */;
			projectDirPath = "";
			projectRoot = "";
			targets = (
				3CDD618A25E07EE00071B391 /* Chat */,
				3CDD619C25E07EE10071B391 /* ChatTests */,
				3CDD61A725E07EE10071B391 /* ChatUITests */,
			);
		};
/* End PBXProject section */

/* Begin PBXResourcesBuildPhase section */
		3CDD618925E07EE00071B391 /* Resources */ = {
			isa = PBXResourcesBuildPhase;
			buildActionMask = 2147483647;
			files = (
				3CDD619625E07EE00071B391 /* Preview Assets.xcassets in Resources */,
				3C0F009725E188CB00DA79B5 /* Notification.js in Resources */,
				3CDD619325E07EE00071B391 /* Assets.xcassets in Resources */,
				3C0C76F525E3EB31008623F5 /* Main.storyboard in Resources */,
			);
			runOnlyForDeploymentPostprocessing = 0;
		};
		3CDD619B25E07EE10071B391 /* Resources */ = {
			isa = PBXResourcesBuildPhase;
			buildActionMask = 2147483647;
			files = (
			);
			runOnlyForDeploymentPostprocessing = 0;
		};
		3CDD61A625E07EE10071B391 /* Resources */ = {
			isa = PBXResourcesBuildPhase;
			buildActionMask = 2147483647;
			files = (
			);
			runOnlyForDeploymentPostprocessing = 0;
		};
/* End PBXResourcesBuildPhase section */

/* Begin PBXSourcesBuildPhase section */
		3CDD618725E07EE00071B391 /* Sources */ = {
			isa = PBXSourcesBuildPhase;
			buildActionMask = 2147483647;
			files = (
				3CDD619125E07EE00071B391 /* ContentView.swift in Sources */,
				3C40303325FD48FF0031C46B /* MessageHandler.swift in Sources */,
				3CDD618F25E07EE00071B391 /* AppDelegate.swift in Sources */,
			);
			runOnlyForDeploymentPostprocessing = 0;
		};
		3CDD619925E07EE10071B391 /* Sources */ = {
			isa = PBXSourcesBuildPhase;
			buildActionMask = 2147483647;
			files = (
				3CDD61A225E07EE10071B391 /* ChatTests.swift in Sources */,
			);
			runOnlyForDeploymentPostprocessing = 0;
		};
		3CDD61A425E07EE10071B391 /* Sources */ = {
			isa = PBXSourcesBuildPhase;
			buildActionMask = 2147483647;
			files = (
				3CDD61AD25E07EE10071B391 /* ChatUITests.swift in Sources */,
			);
			runOnlyForDeploymentPostprocessing = 0;
		};
/* End PBXSourcesBuildPhase section */

/* Begin PBXTargetDependency section */
		3CDD619F25E07EE10071B391 /* PBXTargetDependency */ = {
			isa = PBXTargetDependency;
			target = 3CDD618A25E07EE00071B391 /* Chat */;
			targetProxy = 3CDD619E25E07EE10071B391 /* PBXContainerItemProxy */;
		};
		3CDD61AA25E07EE10071B391 /* PBXTargetDependency */ = {
			isa = PBXTargetDependency;
			target = 3CDD618A25E07EE00071B391 /* Chat */;
			targetProxy = 3CDD61A925E07EE10071B391 /* PBXContainerItemProxy */;
		};
/* End PBXTargetDependency section */

/* Begin XCBuildConfiguration section */
		3CDD61AF25E07EE10071B391 /* Debug */ = {
			isa = XCBuildConfiguration;
			buildSettings = {
				ALWAYS_SEARCH_USER_PATHS = NO;
				CLANG_ANALYZER_NONNULL = YES;
				CLANG_ANALYZER_NUMBER_OBJECT_CONVERSION = YES_AGGRESSIVE;
				CLANG_CXX_LANGUAGE_STANDARD = "gnu++14";
				CLANG_CXX_LIBRARY = "libc++";
				CLANG_ENABLE_MODULES = YES;
				CLANG_ENABLE_OBJC_ARC = YES;
				CLANG_ENABLE_OBJC_WEAK = YES;
				CLANG_WARN_BLOCK_CAPTURE_AUTORELEASING = YES;
				CLANG_WARN_BOOL_CONVERSION = YES;
				CLANG_WARN_COMMA = YES;
				CLANG_WARN_CONSTANT_CONVERSION = YES;
				CLANG_WARN_DEPRECATED_OBJC_IMPLEMENTATIONS = YES;
				CLANG_WARN_DIRECT_OBJC_ISA_USAGE = YES_ERROR;
				CLANG_WARN_DOCUMENTATION_COMMENTS = YES;
				CLANG_WARN_EMPTY_BODY = YES;
				CLANG_WARN_ENUM_CONVERSION = YES;
				CLANG_WARN_INFINITE_RECURSION = YES;
				CLANG_WARN_INT_CONVERSION = YES;
				CLANG_WARN_NON_LITERAL_NULL_CONVERSION = YES;
				CLANG_WARN_OBJC_IMPLICIT_RETAIN_SELF = YES;
				CLANG_WARN_OBJC_LITERAL_CONVERSION = YES;
				CLANG_WARN_OBJC_ROOT_CLASS = YES_ERROR;
				CLANG_WARN_QUOTED_INCLUDE_IN_FRAMEWORK_HEADER = YES;
				CLANG_WARN_RANGE_LOOP_ANALYSIS = YES;
				CLANG_WARN_STRICT_PROTOTYPES = YES;
				CLANG_WARN_SUSPICIOUS_MOVE = YES;
				CLANG_WARN_UNGUARDED_AVAILABILITY = YES_AGGRESSIVE;
				CLANG_WARN_UNREACHABLE_CODE = YES;
				CLANG_WARN__DUPLICATE_METHOD_MATCH = YES;
				COPY_PHASE_STRIP = NO;
				DEBUG_INFORMATION_FORMAT = dwarf;
				ENABLE_STRICT_OBJC_MSGSEND = YES;
				ENABLE_TESTABILITY = YES;
				GCC_C_LANGUAGE_STANDARD = gnu11;
				GCC_DYNAMIC_NO_PIC = NO;
				GCC_NO_COMMON_BLOCKS = YES;
				GCC_OPTIMIZATION_LEVEL = 0;
				GCC_PREPROCESSOR_DEFINITIONS = (
					"DEBUG=1",
					"$(inherited)",
				);
				GCC_WARN_64_TO_32_BIT_CONVERSION = YES;
				GCC_WARN_ABOUT_RETURN_TYPE = YES_ERROR;
				GCC_WARN_UNDECLARED_SELECTOR = YES;
				GCC_WARN_UNINITIALIZED_AUTOS = YES_AGGRESSIVE;
				GCC_WARN_UNUSED_FUNCTION = YES;
				GCC_WARN_UNUSED_VARIABLE = YES;
				MACOSX_DEPLOYMENT_TARGET = 11.1;
				MTL_ENABLE_DEBUG_INFO = INCLUDE_SOURCE;
				MTL_FAST_MATH = YES;
				ONLY_ACTIVE_ARCH = NO;
				SDKROOT = macosx;
				SWIFT_ACTIVE_COMPILATION_CONDITIONS = DEBUG;
				SWIFT_OPTIMIZATION_LEVEL = "-Onone";
			};
			name = Debug;
		};
		3CDD61B025E07EE10071B391 /* Release */ = {
			isa = XCBuildConfiguration;
			buildSettings = {
				ALWAYS_SEARCH_USER_PATHS = NO;
				CLANG_ANALYZER_NONNULL = YES;
				CLANG_ANALYZER_NUMBER_OBJECT_CONVERSION = YES_AGGRESSIVE;
				CLANG_CXX_LANGUAGE_STANDARD = "gnu++14";
				CLANG_CXX_LIBRARY = "libc++";
				CLANG_ENABLE_MODULES = YES;
				CLANG_ENABLE_OBJC_ARC = YES;
				CLANG_ENABLE_OBJC_WEAK = YES;
				CLANG_WARN_BLOCK_CAPTURE_AUTORELEASING = YES;
				CLANG_WARN_BOOL_CONVERSION = YES;
				CLANG_WARN_COMMA = YES;
				CLANG_WARN_CONSTANT_CONVERSION = YES;
				CLANG_WARN_DEPRECATED_OBJC_IMPLEMENTATIONS = YES;
				CLANG_WARN_DIRECT_OBJC_ISA_USAGE = YES_ERROR;
				CLANG_WARN_DOCUMENTATION_COMMENTS = YES;
				CLANG_WARN_EMPTY_BODY = YES;
				CLANG_WARN_ENUM_CONVERSION = YES;
				CLANG_WARN_INFINITE_RECURSION = YES;
				CLANG_WARN_INT_CONVERSION = YES;
				CLANG_WARN_NON_LITERAL_NULL_CONVERSION = YES;
				CLANG_WARN_OBJC_IMPLICIT_RETAIN_SELF = YES;
				CLANG_WARN_OBJC_LITERAL_CONVERSION = YES;
				CLANG_WARN_OBJC_ROOT_CLASS = YES_ERROR;
				CLANG_WARN_QUOTED_INCLUDE_IN_FRAMEWORK_HEADER = YES;
				CLANG_WARN_RANGE_LOOP_ANALYSIS = YES;
				CLANG_WARN_STRICT_PROTOTYPES = YES;
				CLANG_WARN_SUSPICIOUS_MOVE = YES;
				CLANG_WARN_UNGUARDED_AVAILABILITY = YES_AGGRESSIVE;
				CLANG_WARN_UNREACHABLE_CODE = YES;
				CLANG_WARN__DUPLICATE_METHOD_MATCH = YES;
				COPY_PHASE_STRIP = NO;
				DEBUG_INFORMATION_FORMAT = "dwarf-with-dsym";
				ENABLE_NS_ASSERTIONS = NO;
				ENABLE_STRICT_OBJC_MSGSEND = YES;
				GCC_C_LANGUAGE_STANDARD = gnu11;
				GCC_NO_COMMON_BLOCKS = YES;
				GCC_WARN_64_TO_32_BIT_CONVERSION = YES;
				GCC_WARN_ABOUT_RETURN_TYPE = YES_ERROR;
				GCC_WARN_UNDECLARED_SELECTOR = YES;
				GCC_WARN_UNINITIALIZED_AUTOS = YES_AGGRESSIVE;
				GCC_WARN_UNUSED_FUNCTION = YES;
				GCC_WARN_UNUSED_VARIABLE = YES;
				MACOSX_DEPLOYMENT_TARGET = 11.1;
				MTL_ENABLE_DEBUG_INFO = NO;
				MTL_FAST_MATH = YES;
				ONLY_ACTIVE_ARCH = NO;
				SDKROOT = macosx;
				SWIFT_COMPILATION_MODE = wholemodule;
				SWIFT_OPTIMIZATION_LEVEL = "-O";
			};
			name = Release;
		};
		3CDD61B225E07EE10071B391 /* Debug */ = {
			isa = XCBuildConfiguration;
			buildSettings = {
				ASSETCATALOG_COMPILER_APPICON_NAME = AppIcon;
				ASSETCATALOG_COMPILER_GLOBAL_ACCENT_COLOR_NAME = AccentColor;
				CODE_SIGN_ENTITLEMENTS = Chat/Chat.entitlements;
				CODE_SIGN_STYLE = Automatic;
				COMBINE_HIDPI_IMAGES = YES;
				DEVELOPMENT_ASSET_PATHS = "\"Chat/Preview Content\"";
				ENABLE_PREVIEWS = YES;
				INFOPLIST_FILE = Chat/Info.plist;
				LD_RUNPATH_SEARCH_PATHS = (
					"$(inherited)",
					"@executable_path/../Frameworks",
				);
				MACOSX_DEPLOYMENT_TARGET = 11.0;
				ONLY_ACTIVE_ARCH = YES;
				PRODUCT_BUNDLE_IDENTIFIER = dev.seanking.Chat;
				PRODUCT_NAME = "$(TARGET_NAME)";
				SWIFT_VERSION = 5.0;
			};
			name = Debug;
		};
		3CDD61B325E07EE10071B391 /* Release */ = {
			isa = XCBuildConfiguration;
			buildSettings = {
				ASSETCATALOG_COMPILER_APPICON_NAME = AppIcon;
				ASSETCATALOG_COMPILER_GLOBAL_ACCENT_COLOR_NAME = AccentColor;
				CODE_SIGN_ENTITLEMENTS = Chat/ChatRelease.entitlements;
				CODE_SIGN_STYLE = Automatic;
				COMBINE_HIDPI_IMAGES = YES;
				DEVELOPMENT_ASSET_PATHS = "\"Chat/Preview Content\"";
				ENABLE_PREVIEWS = YES;
				INFOPLIST_FILE = Chat/Info.plist;
				LD_RUNPATH_SEARCH_PATHS = (
					"$(inherited)",
					"@executable_path/../Frameworks",
				);
				MACOSX_DEPLOYMENT_TARGET = 11.0;
				ONLY_ACTIVE_ARCH = NO;
				PRODUCT_BUNDLE_IDENTIFIER = dev.seanking.Chat;
				PRODUCT_NAME = "$(TARGET_NAME)";
				SWIFT_VERSION = 5.0;
			};
			name = Release;
		};
		3CDD61B525E07EE10071B391 /* Debug */ = {
			isa = XCBuildConfiguration;
			buildSettings = {
				ALWAYS_EMBED_SWIFT_STANDARD_LIBRARIES = YES;
				BUNDLE_LOADER = "$(TEST_HOST)";
				CODE_SIGN_STYLE = Automatic;
				COMBINE_HIDPI_IMAGES = YES;
				INFOPLIST_FILE = ChatTests/Info.plist;
				LD_RUNPATH_SEARCH_PATHS = (
					"$(inherited)",
					"@executable_path/../Frameworks",
					"@loader_path/../Frameworks",
				);
				MACOSX_DEPLOYMENT_TARGET = 11.0;
				PRODUCT_BUNDLE_IDENTIFIER = dev.seanking.ChatTests;
				PRODUCT_NAME = "$(TARGET_NAME)";
				SWIFT_VERSION = 5.0;
				TEST_HOST = "$(BUILT_PRODUCTS_DIR)/Chat.app/Contents/MacOS/Chat";
			};
			name = Debug;
		};
		3CDD61B625E07EE10071B391 /* Release */ = {
			isa = XCBuildConfiguration;
			buildSettings = {
				ALWAYS_EMBED_SWIFT_STANDARD_LIBRARIES = YES;
				BUNDLE_LOADER = "$(TEST_HOST)";
				CODE_SIGN_STYLE = Automatic;
				COMBINE_HIDPI_IMAGES = YES;
				INFOPLIST_FILE = ChatTests/Info.plist;
				LD_RUNPATH_SEARCH_PATHS = (
					"$(inherited)",
					"@executable_path/../Frameworks",
					"@loader_path/../Frameworks",
				);
				MACOSX_DEPLOYMENT_TARGET = 11.0;
				PRODUCT_BUNDLE_IDENTIFIER = dev.seanking.ChatTests;
				PRODUCT_NAME = "$(TARGET_NAME)";
				SWIFT_VERSION = 5.0;
				TEST_HOST = "$(BUILT_PRODUCTS_DIR)/Chat.app/Contents/MacOS/Chat";
			};
			name = Release;
		};
		3CDD61B825E07EE10071B391 /* Debug */ = {
			isa = XCBuildConfiguration;
			buildSettings = {
				ALWAYS_EMBED_SWIFT_STANDARD_LIBRARIES = YES;
				CODE_SIGN_STYLE = Automatic;
				COMBINE_HIDPI_IMAGES = YES;
				INFOPLIST_FILE = ChatUITests/Info.plist;
				LD_RUNPATH_SEARCH_PATHS = (
					"$(inherited)",
					"@executable_path/../Frameworks",
					"@loader_path/../Frameworks",
				);
				PRODUCT_BUNDLE_IDENTIFIER = dev.seanking.ChatUITests;
				PRODUCT_NAME = "$(TARGET_NAME)";
				SWIFT_VERSION = 5.0;
				TEST_TARGET_NAME = Chat;
			};
			name = Debug;
		};
		3CDD61B925E07EE10071B391 /* Release */ = {
			isa = XCBuildConfiguration;
			buildSettings = {
				ALWAYS_EMBED_SWIFT_STANDARD_LIBRARIES = YES;
				CODE_SIGN_STYLE = Automatic;
				COMBINE_HIDPI_IMAGES = YES;
				INFOPLIST_FILE = ChatUITests/Info.plist;
				LD_RUNPATH_SEARCH_PATHS = (
					"$(inherited)",
					"@executable_path/../Frameworks",
					"@loader_path/../Frameworks",
				);
				PRODUCT_BUNDLE_IDENTIFIER = dev.seanking.ChatUITests;
				PRODUCT_NAME = "$(TARGET_NAME)";
				SWIFT_VERSION = 5.0;
				TEST_TARGET_NAME = Chat;
			};
			name = Release;
		};
/* End XCBuildConfiguration section */

/* Begin XCConfigurationList section */
		3CDD618625E07EE00071B391 /* Build configuration list for PBXProject "Chat" */ = {
			isa = XCConfigurationList;
			buildConfigurations = (
				3CDD61AF25E07EE10071B391 /* Debug */,
				3CDD61B025E07EE10071B391 /* Release */,
			);
			defaultConfigurationIsVisible = 0;
			defaultConfigurationName = Release;
		};
		3CDD61B125E07EE10071B391 /* Build configuration list for PBXNativeTarget "Chat" */ = {
			isa = XCConfigurationList;
			buildConfigurations = (
				3CDD61B225E07EE10071B391 /* Debug */,
				3CDD61B325E07EE10071B391 /* Release */,
			);
			defaultConfigurationIsVisible = 0;
			defaultConfigurationName = Release;
		};
		3CDD61B425E07EE10071B391 /* Build configuration list for PBXNativeTarget "ChatTests" */ = {
			isa = XCConfigurationList;
			buildConfigurations = (
				3CDD61B525E07EE10071B391 /* Debug */,
				3CDD61B625E07EE10071B391 /* Release */,
			);
			defaultConfigurationIsVisible = 0;
			defaultConfigurationName = Release;
		};
		3CDD61B725E07EE10071B391 /* Build configuration list for PBXNativeTarget "ChatUITests" */ = {
			isa = XCConfigurationList;
			buildConfigurations = (
				3CDD61B825E07EE10071B391 /* Debug */,
				3CDD61B925E07EE10071B391 /* Release */,
			);
			defaultConfigurationIsVisible = 0;
			defaultConfigurationName = Release;
		};
/* End XCConfigurationList section */
	};
	rootObject = 3CDD618325E07EE00071B391 /* Project object */;
}
